<?xml version="1.0" encoding="utf-8"?>
<Project ToolsVersion="4.0" xmlns="http://schemas.microsoft.com/developer/msbuild/2003">
  <ItemGroup>
    <Filter Include="소스 파일">
      <UniqueIdentifier>{4FC737F1-C7A5-4376-A066-2A32D752A2FF}</UniqueIdentifier>
      <Extensions>cpp;c;cc;cxx;c++;cppm;ixx;def;odl;idl;hpj;bat;asm;asmx</Extensions>
    </Filter>
    <Filter Include="헤더 파일">
      <UniqueIdentifier>{93995380-89BD-4b04-88EB-625FBE52EBFB}</UniqueIdentifier>
      <Extensions>h;hh;hpp;hxx;h++;hm;inl;inc;ipp;xsd</Extensions>
    </Filter>
    <Filter Include="리소스 파일">
      <UniqueIdentifier>{67DA6AB6-F800-4c08-8B7A-83BB121AAD01}</UniqueIdentifier>
      <Extensions>rc;ico;cur;bmp;dlg;rc2;rct;bin;rgs;gif;jpg;jpeg;jpe;resx;tiff;tif;png;wav;mfcribbon-ms</Extensions>
    </Filter>
    <Filter Include="소스 파일\Game">
      <UniqueIdentifier>{b168ddf3-6531-4166-8fd4-87d1dc974f83}</UniqueIdentifier>
    </Filter>
    <Filter Include="소스 파일\Game\Manager">
      <UniqueIdentifier>{6307afc2-5743-44a2-9ece-74e1194484d2}</UniqueIdentifier>
    </Filter>
    <Filter Include="소스 파일\Game\Manager\obj">
      <UniqueIdentifier>{cb2275a9-d9fb-4a95-ab3d-dccc9092e697}</UniqueIdentifier>
    </Filter>
    <Filter Include="소스 파일\Game\Manager\key">
      <UniqueIdentifier>{7469a2db-5706-4905-bd3d-092069388bcd}</UniqueIdentifier>
    </Filter>
    <Filter Include="소스 파일\Game\Painter">
      <UniqueIdentifier>{036a488a-5180-4d4c-b7a8-f6043ff3c0e5}</UniqueIdentifier>
    </Filter>
    <Filter Include="소스 파일\Game\Manager\obj\Object">
      <UniqueIdentifier>{a7b30cf4-2d23-4c61-84e3-249a73f0e935}</UniqueIdentifier>
    </Filter>
    <Filter Include="리소스 파일\StartMenu">
      <UniqueIdentifier>{4c20dd77-c3a7-4560-ae2a-a10115f52ea8}</UniqueIdentifier>
    </Filter>
  </ItemGroup>
  <ItemGroup>
    <ClInclude Include="Painter.h">
      <Filter>소스 파일\Game\Painter</Filter>
    </ClInclude>
    <ClInclude Include="Object.h">
      <Filter>소스 파일\Game\Manager\obj\Object</Filter>
    </ClInclude>
    <ClInclude Include="Game.h">
      <Filter>소스 파일\Game</Filter>
    </ClInclude>
    <ClInclude Include="ObjManager.h">
      <Filter>소스 파일\Game\Manager\obj</Filter>
    </ClInclude>
    <ClInclude Include="KeyManager.h">
      <Filter>소스 파일\Game\Manager\key</Filter>
    </ClInclude>
    <ClInclude Include="resource.h">
      <Filter>리소스 파일\StartMenu</Filter>
    </ClInclude>
  </ItemGroup>
  <ItemGroup>
    <ClCompile Include="SnakeGame.cpp">
      <Filter>소스 파일</Filter>
    </ClCompile>
    <ClCompile Include="Painter.cpp">
      <Filter>소스 파일\Game\Painter</Filter>
    </ClCompile>
    <ClCompile Include="Object.cpp">
      <Filter>소스 파일\Game\Manager\obj\Object</Filter>
    </ClCompile>
    <ClCompile Include="Game.cpp">
      <Filter>소스 파일\Game</Filter>
    </ClCompile>
    <ClCompile Include="ObjManager.cpp">
      <Filter>소스 파일\Game\Manager\obj</Filter>
    </ClCompile>
    <ClCompile Include="KeyManager.cpp">
      <Filter>소스 파일\Game\Manager\key</Filter>
    </ClCompile>
  </ItemGroup>
  <ItemGroup>
    <ResourceCompile Include="resource.rc">
      <Filter>리소스 파일\StartMenu</Filter>
    </ResourceCompile>
  </ItemGroup>
</Project>